PODS:
  - Expecta (1.0.2)
  - Expecta+Snapshots (2.0.0):
    - Expecta (~> 1.0)
    - FBSnapshotTestCase/Core (~> 2.0.3)
  - FBSnapshotTestCase (2.0.3):
    - FBSnapshotTestCase/SwiftSupport (= 2.0.3)
  - FBSnapshotTestCase/Core (2.0.3)
  - FBSnapshotTestCase/SwiftSupport (2.0.3):
    - FBSnapshotTestCase/Core
  - Specta (1.0.3)
  - TDCore (1.1.0):
    - TDCore/TableViewDragLoad (= 1.1.0)
    - TDCore/TDCategory (= 1.1.0)
    - TDCore/TDEngineLog (= 1.1.0)
    - TDCore/TDEvent (= 1.1.0)
    - TDCore/TDPopup (= 1.1.0)
    - TDCore/TDUtils (= 1.1.0)
  - TDCore/TableViewDragLoad (1.1.0)
  - TDCore/TDCategory (1.1.0)
  - TDCore/TDEngineLog (1.1.0)
  - TDCore/TDEvent (1.1.0)
  - TDCore/TDPopup (1.1.0)
  - TDCore/TDUtils (1.1.0)

DEPENDENCIES:
  - Expecta
  - Expecta+Snapshots
  - FBSnapshotTestCase
  - Specta
  - TDCore (from `../`)

EXTERNAL SOURCES:
  TDCore:
    :path: ../

SPEC CHECKSUMS:
  Expecta: 54e8a3530add08f4f0208c111355eda7cde74a53
  Expecta+Snapshots: 29b38dd695bc72a0ed2bea833937d78df41943ba
  FBSnapshotTestCase: d0eeca6bf87958e088b254396ae66873f971cfb1
  Specta: cf3e4188cf35375c3ee2cd03f8db8f1f4ef98234
  TDCore: c4f11425a822dff39b9de98ef657ae7be92c92c3

COCOAPODS: 0.36.4
